
Microsoft Visual Studio Solution File, Format Version 12.00
# Visual Studio Version 17
VisualStudioVersion = 17.0.31903.59
MinimumVisualStudioVersion = 10.0.40219.1
Project("{FAE04EC0-301F-11D3-BF4B-00C04F79EFBC}") = "códigos", "códigos\códigos.csproj", "{21A45747-3189-4C6F-96B2-667F9191ECA5}"
EndProject
Project("{FAE04EC0-301F-11D3-BF4B-00C04F79EFBC}") = "Common", "Common\Common.csproj", "{FB75A8EA-4317-492B-93BE-2430A731E381}"
EndProject
Global
	GlobalSection(SolutionConfigurationPlatforms) = preSolution
		Debug|Any CPU = Debug|Any CPU
		Release|Any CPU = Release|Any CPU
	EndGlobalSection
	GlobalSection(SolutionProperties) = preSolution
		HideSolutionNode = FALSE
	EndGlobalSection
	GlobalSection(ProjectConfigurationPlatforms) = postSolution
		{21A45747-3189-4C6F-96B2-667F9191ECA5}.Debug|Any CPU.ActiveCfg = Debug|Any CPU
		{21A45747-3189-4C6F-96B2-667F9191ECA5}.Debug|Any CPU.Build.0 = Debug|Any CPU
		{21A45747-3189-4C6F-96B2-667F9191ECA5}.Release|Any CPU.ActiveCfg = Release|Any CPU
		{21A45747-3189-4C6F-96B2-667F9191ECA5}.Release|Any CPU.Build.0 = Release|Any CPU
		{FB75A8EA-4317-492B-93BE-2430A731E381}.Debug|Any CPU.ActiveCfg = Debug|Any CPU
		{FB75A8EA-4317-492B-93BE-2430A731E381}.Debug|Any CPU.Build.0 = Debug|Any CPU
		{FB75A8EA-4317-492B-93BE-2430A731E381}.Release|Any CPU.ActiveCfg = Release|Any CPU
		{FB75A8EA-4317-492B-93BE-2430A731E381}.Release|Any CPU.Build.0 = Release|Any CPU
	EndGlobalSection
EndGlobal
